
Microsoft Visual Studio Solution File, Format Version 12.00
# Visual Studio Version 16
VisualStudioVersion = 16.0.33328.57
MinimumVisualStudioVersion = 10.0.40219.1
Project("{FAE04EC0-301F-11D3-BF4B-00C04F79EFBC}") = "SalesWebMvc", "SalesWebMvc\SalesWebMvc.csproj", "{ED0A94E5-FB4C-4F47-A569-880FE3487CAA}"
EndProject
Global
	GlobalSection(SolutionConfigurationPlatforms) = preSolution
		Debug|Any CPU = Debug|Any CPU
		Release|Any CPU = Release|Any CPU
	EndGlobalSection
	GlobalSection(ProjectConfigurationPlatforms) = postSolution
		{ED0A94E5-FB4C-4F47-A569-880FE3487CAA}.Debug|Any CPU.ActiveCfg = Debug|Any CPU
		{ED0A94E5-FB4C-4F47-A569-880FE3487CAA}.Debug|Any CPU.Build.0 = Debug|Any CPU
		{ED0A94E5-FB4C-4F47-A569-880FE3487CAA}.Release|Any CPU.ActiveCfg = Release|Any CPU
		{ED0A94E5-FB4C-4F47-A569-880FE3487CAA}.Release|Any CPU.Build.0 = Release|Any CPU
	EndGlobalSection
	GlobalSection(SolutionProperties) = preSolution
		HideSolutionNode = FALSE
	EndGlobalSection
	GlobalSection(ExtensibilityGlobals) = postSolution
		SolutionGuid = {A30B7FE6-FBCB-4506-A4FF-33F7F03E7AA6}
	EndGlobalSection
EndGlobal
